{
  "name": "AutNutry",
  "lockfileVersion": 3,
  "requires": true,
  "packages": {
    "": {
      "dependencies": {
        "@tailwindplus/elements": "^1.0.7"
      }
    },
    "node_modules/@tailwindplus/elements": {
      "version": "1.0.7",
      "resolved": "https://registry.npmjs.org/@tailwindplus/elements/-/elements-1.0.7.tgz",
      "integrity": "sha512-AYjVsG09OUrMB14F9bE3NMhKD+LZStSUS0RH4DqUffKDL8T5qRTuxZ+LAIL3QE2JhmhNarsfn7w886NyR/aWNg==",
      "license": "SEE LICENSE IN LICENSE.md"
    }
  }
}
